
Microsoft Visual Studio Solution File, Format Version 12.00
# Visual Studio Version 17
VisualStudioVersion = 17.7.34003.232
MinimumVisualStudioVersion = 10.0.40219.1
Project("{FAE04EC0-301F-11D3-BF4B-00C04F79EFBC}") = "JQueryDataTables", "JQueryDataTables.csproj", "{3734E4BF-DAC1-48E4-9E43-6F18C9F0EB39}"
EndProject
Global
	GlobalSection(SolutionConfigurationPlatforms) = preSolution
		Debug|Any CPU = Debug|Any CPU
		Release|Any CPU = Release|Any CPU
	EndGlobalSection
	GlobalSection(ProjectConfigurationPlatforms) = postSolution
		{3734E4BF-DAC1-48E4-9E43-6F18C9F0EB39}.Debug|Any CPU.ActiveCfg = Debug|Any CPU
		{3734E4BF-DAC1-48E4-9E43-6F18C9F0EB39}.Debug|Any CPU.Build.0 = Debug|Any CPU
		{3734E4BF-DAC1-48E4-9E43-6F18C9F0EB39}.Release|Any CPU.ActiveCfg = Release|Any CPU
		{3734E4BF-DAC1-48E4-9E43-6F18C9F0EB39}.Release|Any CPU.Build.0 = Release|Any CPU
	EndGlobalSection
	GlobalSection(SolutionProperties) = preSolution
		HideSolutionNode = FALSE
	EndGlobalSection
	GlobalSection(ExtensibilityGlobals) = postSolution
		SolutionGuid = {A400A7CB-CE88-4047-BAEA-6B0D245A15D0}
	EndGlobalSection
EndGlobal
